// !$*UTF8*$!
{
	archiveVersion = 1;
	classes = {
	};
	objectVersion = 50;
	objects = {

/* Begin PBXBuildFile section */
		A1BC43FE24BBA54D00344BAD /* AppDelegate.swift in Sources */ = {isa = PBXBuildFile; fileRef = A1BC43FD24BBA54D00344BAD /* AppDelegate.swift */; };
		A1BC440024BBA54D00344BAD /* ContentView.swift in Sources */ = {isa = PBXBuildFile; fileRef = A1BC43FF24BBA54D00344BAD /* ContentView.swift */; };
		A1BC440224BBA54E00344BAD /* Assets.xcassets in Resources */ = {isa = PBXBuildFile; fileRef = A1BC440124BBA54E00344BAD /* Assets.xcassets */; };
		A1BC440524BBA54E00344BAD /* Preview Assets.xcassets in Resources */ = {isa = PBXBuildFile; fileRef = A1BC440424BBA54E00344BAD /* Preview Assets.xcassets */; };
		A1BC440824BBA54E00344BAD /* Main.storyboard in Resources */ = {isa = PBXBuildFile; fileRef = A1BC440624BBA54E00344BAD /* Main.storyboard */; };
/* End PBXBuildFile section */

/* Begin PBXFileReference section */
		A1BC43FA24BBA54D00344BAD /* NGAppKitSystemImages.app */ = {isa = PBXFileReference; explicitFileType = wrapper.application; includeInIndex = 0; path = NGAppKitSystemImages.app; sourceTree = BUILT_PRODUCTS_DIR; };
		A1BC43FD24BBA54D00344BAD /* AppDelegate.swift */ = {isa = PBXFileReference; lastKnownFileType = sourcecode.swift; path = AppDelegate.swift; sourceTree = "<group>"; };
		A1BC43FF24BBA54D00344BAD /* ContentView.swift */ = {isa = PBXFileReference; lastKnownFileType = sourcecode.swift; path = ContentView.swift; sourceTree = "<group>"; };
		A1BC440124BBA54E00344BAD /* Assets.xcassets */ = {isa = PBXFileReference; lastKnownFileType = folder.assetcatalog; path = Assets.xcassets; sourceTree = "<group>"; };
		A1BC440424BBA54E00344BAD /* Preview Assets.xcassets */ = {isa = PBXFileReference; lastKnownFileType = folder.assetcatalog; path = "Preview Assets.xcassets"; sourceTree = "<group>"; };
		A1BC440724BBA54E00344BAD /* Base */ = {isa = PBXFileReference; lastKnownFileType = file.storyboard; name = Base; path = Base.lproj/Main.storyboard; sourceTree = "<group>"; };
		A1BC440924BBA54E00344BAD /* Info.plist */ = {isa = PBXFileReference; lastKnownFileType = text.plist.xml; path = Info.plist; sourceTree = "<group>"; };
		A1BC440A24BBA54E00344BAD /* NGAppKitSystemImages.entitlements */ = {isa = PBXFileReference; lastKnownFileType = text.plist.entitlements; path = NGAppKitSystemImages.entitlements; sourceTree = "<group>"; };
/* End PBXFileReference section */

/* Begin PBXFrameworksBuildPhase section */
		A1BC43F724BBA54D00344BAD /* Frameworks */ = {
			isa = PBXFrameworksBuildPhase;
			buildActionMask = 2147483647;
			files = (
			);
			runOnlyForDeploymentPostprocessing = 0;
		};
/* End PBXFrameworksBuildPhase section */

/* Begin PBXGroup section */
		A1BC43F124BBA54D00344BAD = {
			isa = PBXGroup;
			children = (
				A1BC43FC24BBA54D00344BAD /* NGAppKitSystemImages */,
				A1BC43FB24BBA54D00344BAD /* Products */,
			);
			sourceTree = "<group>";
		};
		A1BC43FB24BBA54D00344BAD /* Products */ = {
			isa = PBXGroup;
			children = (
				A1BC43FA24BBA54D00344BAD /* NGAppKitSystemImages.app */,
			);
			name = Products;
			sourceTree = "<group>";
		};
		A1BC43FC24BBA54D00344BAD /* NGAppKitSystemImages */ = {
			isa = PBXGroup;
			children = (
				A1BC43FD24BBA54D00344BAD /* AppDelegate.swift */,
				A1BC43FF24BBA54D00344BAD /* ContentView.swift */,
				A1BC440124BBA54E00344BAD /* Assets.xcassets */,
				A1BC440624BBA54E00344BAD /* Main.storyboard */,
				A1BC440924BBA54E00344BAD /* Info.plist */,
				A1BC440A24BBA54E00344BAD /* NGAppKitSystemImages.entitlements */,
				A1BC440324BBA54E00344BAD /* Preview Content */,
			);
			path = NGAppKitSystemImages;
			sourceTree = "<group>";
		};
		A1BC440324BBA54E00344BAD /* Preview Content */ = {
			isa = PBXGroup;
			children = (
				A1BC440424BBA54E00344BAD /* Preview Assets.xcassets */,
			);
			path = "Preview Content";
			sourceTree = "<group>";
		};
/* End PBXGroup section */

/* Begin PBXNativeTarget section */
		A1BC43F924BBA54D00344BAD /* NGAppKitSystemImages */ = {
			isa = PBXNativeTarget;
			buildConfigurationList = A1BC440D24BBA54E00344BAD /* Build configuration list for PBXNativeTarget "NGAppKitSystemImages" */;
			buildPhases = (
				A1BC43F624BBA54D00344BAD /* Sources */,
				A1BC43F724BBA54D00344BAD /* Frameworks */,
				A1BC43F824BBA54D00344BAD /* Resources */,
			);
			buildRules = (
			);
			dependencies = (
			);
			name = NGAppKitSystemImages;
			productName = NGAppKitSystemImages;
			productReference = A1BC43FA24BBA54D00344BAD /* NGAppKitSystemImages.app */;
			productType = "com.apple.product-type.application";
		};
/* End PBXNativeTarget section */

/* Begin PBXProject section */
		A1BC43F224BBA54D00344BAD /* Project object */ = {
			isa = PBXProject;
			attributes = {
				LastSwiftUpdateCheck = 1200;
				LastUpgradeCheck = 1200;
				TargetAttributes = {
					A1BC43F924BBA54D00344BAD = {
						CreatedOnToolsVersion = 12.0;
					};
				};
			};
			buildConfigurationList = A1BC43F524BBA54D00344BAD /* Build configuration list for PBXProject "NGAppKitSystemImages" */;
			compatibilityVersion = "Xcode 9.3";
			developmentRegion = en;
			hasScannedForEncodings = 0;
			knownRegions = (
				en,
				Base,
			);
			mainGroup = A1BC43F124BBA54D00344BAD;
			productRefGroup = A1BC43FB24BBA54D00344BAD /* Products */;
			projectDirPath = "";
			projectRoot = "";
			targets = (
				A1BC43F924BBA54D00344BAD /* NGAppKitSystemImages */,
			);
		};
/* End PBXProject section */

/* Begin PBXResourcesBuildPhase section */
		A1BC43F824BBA54D00344BAD /* Resources */ = {
			isa = PBXResourcesBuildPhase;
			buildActionMask = 2147483647;
			files = (
				A1BC440824BBA54E00344BAD /* Main.storyboard in Resources */,
				A1BC440524BBA54E00344BAD /* Preview Assets.xcassets in Resources */,
				A1BC440224BBA54E00344BAD /* Assets.xcassets in Resources */,
			);
			runOnlyForDeploymentPostprocessing = 0;
		};
/* End PBXResourcesBuildPhase section */

/* Begin PBXSourcesBuildPhase section */
		A1BC43F624BBA54D00344BAD /* Sources */ = {
			isa = PBXSourcesBuildPhase;
			buildActionMask = 2147483647;
			files = (
				A1BC440024BBA54D00344BAD /* ContentView.swift in Sources */,
				A1BC43FE24BBA54D00344BAD /* AppDelegate.swift in Sources */,
			);
			runOnlyForDeploymentPostprocessing = 0;
		};
/* End PBXSourcesBuildPhase section */

/* Begin PBXVariantGroup section */
		A1BC440624BBA54E00344BAD /* Main.storyboard */ = {
			isa = PBXVariantGroup;
			children = (
				A1BC440724BBA54E00344BAD /* Base */,
			);
			name = Main.storyboard;
			sourceTree = "<group>";
		};
/* End PBXVariantGroup section */

/* Begin XCBuildConfiguration section */
		A1BC440B24BBA54E00344BAD /* Debug */ = {
			isa = XCBuildConfiguration;
			buildSettings = {
				ALWAYS_SEARCH_USER_PATHS = NO;
				CLANG_ANALYZER_NONNULL = YES;
				CLANG_ANALYZER_NUMBER_OBJECT_CONVERSION = YES_AGGRESSIVE;
				CLANG_CXX_LANGUAGE_STANDARD = "gnu++14";
				CLANG_CXX_LIBRARY = "libc++";
				CLANG_ENABLE_MODULES = YES;
				CLANG_ENABLE_OBJC_ARC = YES;
				CLANG_ENABLE_OBJC_WEAK = YES;
				CLANG_WARN_BLOCK_CAPTURE_AUTORELEASING = YES;
				CLANG_WARN_BOOL_CONVERSION = YES;
				CLANG_WARN_COMMA = YES;
				CLANG_WARN_CONSTANT_CONVERSION = YES;
				CLANG_WARN_DEPRECATED_OBJC_IMPLEMENTATIONS = YES;
				CLANG_WARN_DIRECT_OBJC_ISA_USAGE = YES_ERROR;
				CLANG_WARN_DOCUMENTATION_COMMENTS = YES;
				CLANG_WARN_EMPTY_BODY = YES;
				CLANG_WARN_ENUM_CONVERSION = YES;
				CLANG_WARN_INFINITE_RECURSION = YES;
				CLANG_WARN_INT_CONVERSION = YES;
				CLANG_WARN_NON_LITERAL_NULL_CONVERSION = YES;
				CLANG_WARN_OBJC_IMPLICIT_RETAIN_SELF = YES;
				CLANG_WARN_OBJC_LITERAL_CONVERSION = YES;
				CLANG_WARN_OBJC_ROOT_CLASS = YES_ERROR;
				CLANG_WARN_QUOTED_INCLUDE_IN_FRAMEWORK_HEADER = YES;
				CLANG_WARN_RANGE_LOOP_ANALYSIS = YES;
				CLANG_WARN_STRICT_PROTOTYPES = YES;
				CLANG_WARN_SUSPICIOUS_MOVE = YES;
				CLANG_WARN_UNGUARDED_AVAILABILITY = YES_AGGRESSIVE;
				CLANG_WARN_UNREACHABLE_CODE = YES;
				CLANG_WARN__DUPLICATE_METHOD_MATCH = YES;
				COPY_PHASE_STRIP = NO;
				DEBUG_INFORMATION_FORMAT = dwarf;
				ENABLE_STRICT_OBJC_MSGSEND = YES;
				ENABLE_TESTABILITY = YES;
				GCC_C_LANGUAGE_STANDARD = gnu11;
				GCC_DYNAMIC_NO_PIC = NO;
				GCC_NO_COMMON_BLOCKS = YES;
				GCC_OPTIMIZATION_LEVEL = 0;
				GCC_PREPROCESSOR_DEFINITIONS = (
					"DEBUG=1",
					"$(inherited)",
				);
				GCC_WARN_64_TO_32_BIT_CONVERSION = YES;
				GCC_WARN_ABOUT_RETURN_TYPE = YES_ERROR;
				GCC_WARN_UNDECLARED_SELECTOR = YES;
				GCC_WARN_UNINITIALIZED_AUTOS = YES_AGGRESSIVE;
				GCC_WARN_UNUSED_FUNCTION = YES;
				GCC_WARN_UNUSED_VARIABLE = YES;
				MACOSX_DEPLOYMENT_TARGET = 10.15;
				MTL_ENABLE_DEBUG_INFO = INCLUDE_SOURCE;
				MTL_FAST_MATH = YES;
				ONLY_ACTIVE_ARCH = YES;
				SDKROOT = macosx;
				SWIFT_ACTIVE_COMPILATION_CONDITIONS = DEBUG;
				SWIFT_OPTIMIZATION_LEVEL = "-Onone";
			};
			name = Debug;
		};
		A1BC440C24BBA54E00344BAD /* Release */ = {
			isa = XCBuildConfiguration;
			buildSettings = {
				ALWAYS_SEARCH_USER_PATHS = NO;
				CLANG_ANALYZER_NONNULL = YES;
				CLANG_ANALYZER_NUMBER_OBJECT_CONVERSION = YES_AGGRESSIVE;
				CLANG_CXX_LANGUAGE_STANDARD = "gnu++14";
				CLANG_CXX_LIBRARY = "libc++";
				CLANG_ENABLE_MODULES = YES;
				CLANG_ENABLE_OBJC_ARC = YES;
				CLANG_ENABLE_OBJC_WEAK = YES;
				CLANG_WARN_BLOCK_CAPTURE_AUTORELEASING = YES;
				CLANG_WARN_BOOL_CONVERSION = YES;
				CLANG_WARN_COMMA = YES;
				CLANG_WARN_CONSTANT_CONVERSION = YES;
				CLANG_WARN_DEPRECATED_OBJC_IMPLEMENTATIONS = YES;
				CLANG_WARN_DIRECT_OBJC_ISA_USAGE = YES_ERROR;
				CLANG_WARN_DOCUMENTATION_COMMENTS = YES;
				CLANG_WARN_EMPTY_BODY = YES;
				CLANG_WARN_ENUM_CONVERSION = YES;
				CLANG_WARN_INFINITE_RECURSION = YES;
				CLANG_WARN_INT_CONVERSION = YES;
				CLANG_WARN_NON_LITERAL_NULL_CONVERSION = YES;
				CLANG_WARN_OBJC_IMPLICIT_RETAIN_SELF = YES;
				CLANG_WARN_OBJC_LITERAL_CONVERSION = YES;
				CLANG_WARN_OBJC_ROOT_CLASS = YES_ERROR;
				CLANG_WARN_QUOTED_INCLUDE_IN_FRAMEWORK_HEADER = YES;
				CLANG_WARN_RANGE_LOOP_ANALYSIS = YES;
				CLANG_WARN_STRICT_PROTOTYPES = YES;
				CLANG_WARN_SUSPICIOUS_MOVE = YES;
				CLANG_WARN_UNGUARDED_AVAILABILITY = YES_AGGRESSIVE;
				CLANG_WARN_UNREACHABLE_CODE = YES;
				CLANG_WARN__DUPLICATE_METHOD_MATCH = YES;
				COPY_PHASE_STRIP = NO;
				DEBUG_INFORMATION_FORMAT = "dwarf-with-dsym";
				ENABLE_NS_ASSERTIONS = NO;
				ENABLE_STRICT_OBJC_MSGSEND = YES;
				GCC_C_LANGUAGE_STANDARD = gnu11;
				GCC_NO_COMMON_BLOCKS = YES;
				GCC_WARN_64_TO_32_BIT_CONVERSION = YES;
				GCC_WARN_ABOUT_RETURN_TYPE = YES_ERROR;
				GCC_WARN_UNDECLARED_SELECTOR = YES;
				GCC_WARN_UNINITIALIZED_AUTOS = YES_AGGRESSIVE;
				GCC_WARN_UNUSED_FUNCTION = YES;
				GCC_WARN_UNUSED_VARIABLE = YES;
				MACOSX_DEPLOYMENT_TARGET = 10.15;
				MTL_ENABLE_DEBUG_INFO = NO;
				MTL_FAST_MATH = YES;
				SDKROOT = macosx;
				SWIFT_COMPILATION_MODE = wholemodule;
				SWIFT_OPTIMIZATION_LEVEL = "-O";
			};
			name = Release;
		};
		A1BC440E24BBA54E00344BAD /* Debug */ = {
			isa = XCBuildConfiguration;
			buildSettings = {
				ASSETCATALOG_COMPILER_APPICON_NAME = AppIcon;
				ASSETCATALOG_COMPILER_GLOBAL_ACCENT_COLOR_NAME = AccentColor;
				CODE_SIGN_ENTITLEMENTS = NGAppKitSystemImages/NGAppKitSystemImages.entitlements;
				CODE_SIGN_STYLE = Automatic;
				COMBINE_HIDPI_IMAGES = YES;
				DEVELOPMENT_ASSET_PATHS = "\"NGAppKitSystemImages/Preview Content\"";
				DEVELOPMENT_TEAM = 29P3YRFLV5;
				ENABLE_HARDENED_RUNTIME = YES;
				ENABLE_PREVIEWS = YES;
				INFOPLIST_FILE = NGAppKitSystemImages/Info.plist;
				LD_RUNPATH_SEARCH_PATHS = (
					"$(inherited)",
					"@executable_path/../Frameworks",
				);
				MACOSX_DEPLOYMENT_TARGET = 10.15;
				PRODUCT_BUNDLE_IDENTIFIER = com.noahgilmore.NGAppKitSystemImages;
				PRODUCT_NAME = "$(TARGET_NAME)";
				SWIFT_VERSION = 5.0;
			};
			name = Debug;
		};
		A1BC440F24BBA54E00344BAD /* Release */ = {
			isa = XCBuildConfiguration;
			buildSettings = {
				ASSETCATALOG_COMPILER_APPICON_NAME = AppIcon;
				ASSETCATALOG_COMPILER_GLOBAL_ACCENT_COLOR_NAME = AccentColor;
				CODE_SIGN_ENTITLEMENTS = NGAppKitSystemImages/NGAppKitSystemImages.entitlements;
				CODE_SIGN_STYLE = Automatic;
				COMBINE_HIDPI_IMAGES = YES;
				DEVELOPMENT_ASSET_PATHS = "\"NGAppKitSystemImages/Preview Content\"";
				DEVELOPMENT_TEAM = 29P3YRFLV5;
				ENABLE_HARDENED_RUNTIME = YES;
				ENABLE_PREVIEWS = YES;
				INFOPLIST_FILE = NGAppKitSystemImages/Info.plist;
				LD_RUNPATH_SEARCH_PATHS = (
					"$(inherited)",
					"@executable_path/../Frameworks",
				);
				MACOSX_DEPLOYMENT_TARGET = 10.15;
				PRODUCT_BUNDLE_IDENTIFIER = com.noahgilmore.NGAppKitSystemImages;
				PRODUCT_NAME = "$(TARGET_NAME)";
				SWIFT_VERSION = 5.0;
			};
			name = Release;
		};
/* End XCBuildConfiguration section */

/* Begin XCConfigurationList section */
		A1BC43F524BBA54D00344BAD /* Build configuration list for PBXProject "NGAppKitSystemImages" */ = {
			isa = XCConfigurationList;
			buildConfigurations = (
				A1BC440B24BBA54E00344BAD /* Debug */,
				A1BC440C24BBA54E00344BAD /* Release */,
			);
			defaultConfigurationIsVisible = 0;
			defaultConfigurationName = Release;
		};
		A1BC440D24BBA54E00344BAD /* Build configuration list for PBXNativeTarget "NGAppKitSystemImages" */ = {
			isa = XCConfigurationList;
			buildConfigurations = (
				A1BC440E24BBA54E00344BAD /* Debug */,
				A1BC440F24BBA54E00344BAD /* Release */,
			);
			defaultConfigurationIsVisible = 0;
			defaultConfigurationName = Release;
		};
/* End XCConfigurationList section */
	};
	rootObject = A1BC43F224BBA54D00344BAD /* Project object */;
}
